%{"bunt": {:hex, :bunt, "0.1.5", "c378ea1698232597d3778e4b83234dcea4a60e7c28114b0fe53657a2c0d8885e", [:mix], []},
  "cowboy": {:hex, :cowboy, "1.0.4", "a324a8df9f2316c833a470d918aaf73ae894278b8aa6226ce7a9bf699388f878", [:rebar, :make], [{:cowlib, "~> 1.0.0", [hex: :cowlib, optional: false]}, {:ranch, "~> 1.0", [hex: :ranch, optional: false]}]},
  "cowlib": {:hex, :cowlib, "1.0.2", "9d769a1d062c9c3ac753096f868ca121e2730b9a377de23dec0f7e08b1df84ee", [:make], []},
  "credo": {:hex, :credo, "0.3.13", "90d2d2deb9d376bb2a63f81126a320c3920ce65acb1294982ab49a8aacc7d89f", [:mix], [{:bunt, "~> 0.1.4", [hex: :bunt, optional: false]}]},
  "dogma": {:hex, :dogma, "0.1.5", "d8d9c9d50f099c5bde47334da077b555b2027147d16906ea7bb4e7cdaedb2d8b", [:mix], [{:poison, ">= 1.0.0", [hex: :poison, optional: false]}]},
  "earmark": {:hex, :earmark, "0.2.1", "ba6d26ceb16106d069b289df66751734802777a3cbb6787026dd800ffeb850f3", [:mix], []},
  "ex_doc": {:hex, :ex_doc, "0.11.4", "a064bdb720594c3745b94709b17ffb834fd858b4e0c1f48f37c0d92700759e02", [:mix], [{:earmark, "~> 0.1.17 or ~> 0.2", [hex: :earmark, optional: true]}]},
  "excheck": {:hex, :excheck, "0.3.2", "d50a5060fd5b354a1b8460ca65d9d9447b730b9715f45871c32e36648c1bbffc", [:mix], []},
  "gproc": {:hex, :gproc, "0.3.1", "ec14f40cb941bde3f940de59c11e59beb2977e90dbae72fab3ddf77743fd4ea9", [:rebar], []},
  "plug": {:hex, :plug, "1.1.3", "2c1b01a51304ab1b88dc4313c0707e69998c8d6d4cdaeef391fa6003b6e31a5a", [:mix], [{:cowboy, "~> 1.0", [hex: :cowboy, optional: true]}]},
  "poison": {:hex, :poison, "2.1.0", "f583218ced822675e484648fa26c933d621373f01c6c76bd00005d7bd4b82e27", [:mix], []},
  "ranch": {:hex, :ranch, "1.2.1", "a6fb992c10f2187b46ffd17ce398ddf8a54f691b81768f9ef5f461ea7e28c762", [:make], []},
  "triq": {:git, "https://github.com/krestenkrab/triq.git", "c7306b8eaea133d52140cb828817efb5e50a3d52", []}}
